
Microsoft Visual Studio Solution File, Format Version 12.00
# Visual Studio 2015
Project("{FAE04EC0-301F-11D3-BF4B-00C04F79EFBC}") = "Sim Apex Path.CSharp", "Sim Apex Path.CSharp.csproj", "{F49CA8B3-A5A3-2630-37B1-F49BAB6065D5}"
EndProject
Project("{FAE04EC0-301F-11D3-BF4B-00C04F79EFBC}") = "Sim Apex Path.CSharp.Editor", "Sim Apex Path.CSharp.Editor.csproj", "{89F9CE9F-16DC-49AE-70AB-4E96FFB43D6F}"
EndProject
Global
	GlobalSection(SolutionConfigurationPlatforms) = preSolution
		Debug|Any CPU = Debug|Any CPU
		Release|Any CPU = Release|Any CPU
	EndGlobalSection
	GlobalSection(ProjectConfigurationPlatforms) = postSolution
		{F49CA8B3-A5A3-2630-37B1-F49BAB6065D5}.Debug|Any CPU.ActiveCfg = Debug|Any CPU
		{F49CA8B3-A5A3-2630-37B1-F49BAB6065D5}.Debug|Any CPU.Build.0 = Debug|Any CPU
		{F49CA8B3-A5A3-2630-37B1-F49BAB6065D5}.Release|Any CPU.ActiveCfg = Release|Any CPU
		{F49CA8B3-A5A3-2630-37B1-F49BAB6065D5}.Release|Any CPU.Build.0 = Release|Any CPU
		{89F9CE9F-16DC-49AE-70AB-4E96FFB43D6F}.Debug|Any CPU.ActiveCfg = Debug|Any CPU
		{89F9CE9F-16DC-49AE-70AB-4E96FFB43D6F}.Debug|Any CPU.Build.0 = Debug|Any CPU
		{89F9CE9F-16DC-49AE-70AB-4E96FFB43D6F}.Release|Any CPU.ActiveCfg = Release|Any CPU
		{89F9CE9F-16DC-49AE-70AB-4E96FFB43D6F}.Release|Any CPU.Build.0 = Release|Any CPU
	EndGlobalSection
	GlobalSection(SolutionProperties) = preSolution
		HideSolutionNode = FALSE
	EndGlobalSection
EndGlobal
